// !$*UTF8*$!
{
	archiveVersion = 1;
	classes = {
	};
	objectVersion = 50;
	objects = {

/* Begin PBXBuildFile section */
		8587DC4C2315A93800C56F0E /* AppDelegate.swift in Sources */ = {isa = PBXBuildFile; fileRef = 8587DC4B2315A93800C56F0E /* AppDelegate.swift */; };
		8587DC4E2315A93800C56F0E /* WeatherViewController.swift in Sources */ = {isa = PBXBuildFile; fileRef = 8587DC4D2315A93800C56F0E /* WeatherViewController.swift */; };
		8587DC512315A93800C56F0E /* Main.storyboard in Resources */ = {isa = PBXBuildFile; fileRef = 8587DC4F2315A93800C56F0E /* Main.storyboard */; };
		8587DC532315A93A00C56F0E /* Assets.xcassets in Resources */ = {isa = PBXBuildFile; fileRef = 8587DC522315A93A00C56F0E /* Assets.xcassets */; };
		8587DC562315A93A00C56F0E /* LaunchScreen.storyboard in Resources */ = {isa = PBXBuildFile; fileRef = 8587DC542315A93A00C56F0E /* LaunchScreen.storyboard */; };
		8587DC612315A93A00C56F0E /* ParsingJson_labTests.swift in Sources */ = {isa = PBXBuildFile; fileRef = 8587DC602315A93A00C56F0E /* ParsingJson_labTests.swift */; };
		8587DC6C2315A93A00C56F0E /* ParsingJson_labUITests.swift in Sources */ = {isa = PBXBuildFile; fileRef = 8587DC6B2315A93A00C56F0E /* ParsingJson_labUITests.swift */; };
		8587DC7B2315B67900C56F0E /* color.json in Resources */ = {isa = PBXBuildFile; fileRef = 8587DC7A2315B67900C56F0E /* color.json */; };
		8587DC7D2315B6C400C56F0E /* cityWeather.json in Resources */ = {isa = PBXBuildFile; fileRef = 8587DC7C2315B6C400C56F0E /* cityWeather.json */; };
		8587DC7F2315B9B200C56F0E /* people.json in Resources */ = {isa = PBXBuildFile; fileRef = 8587DC7E2315B9B200C56F0E /* people.json */; };
		8587DC822315BA1A00C56F0E /* modelJSON.swift in Sources */ = {isa = PBXBuildFile; fileRef = 8587DC812315BA1A00C56F0E /* modelJSON.swift */; };
		8587DC842315C10C00C56F0E /* ColorViewController.swift in Sources */ = {isa = PBXBuildFile; fileRef = 8587DC832315C10C00C56F0E /* ColorViewController.swift */; };
		8587DC862315C11A00C56F0E /* PeopleViewController.swift in Sources */ = {isa = PBXBuildFile; fileRef = 8587DC852315C11A00C56F0E /* PeopleViewController.swift */; };
		8587DC892316C35200C56F0E /* ForcastViewController.swift in Sources */ = {isa = PBXBuildFile; fileRef = 8587DC882316C35200C56F0E /* ForcastViewController.swift */; };
		8587DC8B2316C35E00C56F0E /* SchemeViewController.swift in Sources */ = {isa = PBXBuildFile; fileRef = 8587DC8A2316C35E00C56F0E /* SchemeViewController.swift */; };
		8587DC8D2316C36700C56F0E /* HumanViewController.swift in Sources */ = {isa = PBXBuildFile; fileRef = 8587DC8C2316C36700C56F0E /* HumanViewController.swift */; };
/* End PBXBuildFile section */

/* Begin PBXContainerItemProxy section */
		8587DC5D2315A93A00C56F0E /* PBXContainerItemProxy */ = {
			isa = PBXContainerItemProxy;
			containerPortal = 8587DC402315A93800C56F0E /* Project object */;
			proxyType = 1;
			remoteGlobalIDString = 8587DC472315A93800C56F0E;
			remoteInfo = ParsingJson_lab;
		};
		8587DC682315A93A00C56F0E /* PBXContainerItemProxy */ = {
			isa = PBXContainerItemProxy;
			containerPortal = 8587DC402315A93800C56F0E /* Project object */;
			proxyType = 1;
			remoteGlobalIDString = 8587DC472315A93800C56F0E;
			remoteInfo = ParsingJson_lab;
		};
/* End PBXContainerItemProxy section */

/* Begin PBXFileReference section */
		8587DC482315A93800C56F0E /* ParsingJson_lab.app */ = {isa = PBXFileReference; explicitFileType = wrapper.application; includeInIndex = 0; path = ParsingJson_lab.app; sourceTree = BUILT_PRODUCTS_DIR; };
		8587DC4B2315A93800C56F0E /* AppDelegate.swift */ = {isa = PBXFileReference; lastKnownFileType = sourcecode.swift; path = AppDelegate.swift; sourceTree = "<group>"; };
		8587DC4D2315A93800C56F0E /* WeatherViewController.swift */ = {isa = PBXFileReference; lastKnownFileType = sourcecode.swift; path = WeatherViewController.swift; sourceTree = "<group>"; };
		8587DC502315A93800C56F0E /* Base */ = {isa = PBXFileReference; lastKnownFileType = file.storyboard; name = Base; path = Base.lproj/Main.storyboard; sourceTree = "<group>"; };
		8587DC522315A93A00C56F0E /* Assets.xcassets */ = {isa = PBXFileReference; lastKnownFileType = folder.assetcatalog; path = Assets.xcassets; sourceTree = "<group>"; };
		8587DC552315A93A00C56F0E /* Base */ = {isa = PBXFileReference; lastKnownFileType = file.storyboard; name = Base; path = Base.lproj/LaunchScreen.storyboard; sourceTree = "<group>"; };
		8587DC572315A93A00C56F0E /* Info.plist */ = {isa = PBXFileReference; lastKnownFileType = text.plist.xml; path = Info.plist; sourceTree = "<group>"; };
		8587DC5C2315A93A00C56F0E /* ParsingJson_labTests.xctest */ = {isa = PBXFileReference; explicitFileType = wrapper.cfbundle; includeInIndex = 0; path = ParsingJson_labTests.xctest; sourceTree = BUILT_PRODUCTS_DIR; };
		8587DC602315A93A00C56F0E /* ParsingJson_labTests.swift */ = {isa = PBXFileReference; lastKnownFileType = sourcecode.swift; path = ParsingJson_labTests.swift; sourceTree = "<group>"; };
		8587DC622315A93A00C56F0E /* Info.plist */ = {isa = PBXFileReference; lastKnownFileType = text.plist.xml; path = Info.plist; sourceTree = "<group>"; };
		8587DC672315A93A00C56F0E /* ParsingJson_labUITests.xctest */ = {isa = PBXFileReference; explicitFileType = wrapper.cfbundle; includeInIndex = 0; path = ParsingJson_labUITests.xctest; sourceTree = BUILT_PRODUCTS_DIR; };
		8587DC6B2315A93A00C56F0E /* ParsingJson_labUITests.swift */ = {isa = PBXFileReference; lastKnownFileType = sourcecode.swift; path = ParsingJson_labUITests.swift; sourceTree = "<group>"; };
		8587DC6D2315A93A00C56F0E /* Info.plist */ = {isa = PBXFileReference; lastKnownFileType = text.plist.xml; path = Info.plist; sourceTree = "<group>"; };
		8587DC7A2315B67900C56F0E /* color.json */ = {isa = PBXFileReference; lastKnownFileType = text.json; path = color.json; sourceTree = "<group>"; };
		8587DC7C2315B6C400C56F0E /* cityWeather.json */ = {isa = PBXFileReference; fileEncoding = 4; lastKnownFileType = text.json; path = cityWeather.json; sourceTree = "<group>"; };
		8587DC7E2315B9B200C56F0E /* people.json */ = {isa = PBXFileReference; lastKnownFileType = text.json; path = people.json; sourceTree = "<group>"; };
		8587DC812315BA1A00C56F0E /* modelJSON.swift */ = {isa = PBXFileReference; lastKnownFileType = sourcecode.swift; path = modelJSON.swift; sourceTree = "<group>"; };
		8587DC832315C10C00C56F0E /* ColorViewController.swift */ = {isa = PBXFileReference; lastKnownFileType = sourcecode.swift; path = ColorViewController.swift; sourceTree = "<group>"; };
		8587DC852315C11A00C56F0E /* PeopleViewController.swift */ = {isa = PBXFileReference; lastKnownFileType = sourcecode.swift; path = PeopleViewController.swift; sourceTree = "<group>"; };
		8587DC882316C35200C56F0E /* ForcastViewController.swift */ = {isa = PBXFileReference; lastKnownFileType = sourcecode.swift; path = ForcastViewController.swift; sourceTree = "<group>"; };
		8587DC8A2316C35E00C56F0E /* SchemeViewController.swift */ = {isa = PBXFileReference; lastKnownFileType = sourcecode.swift; path = SchemeViewController.swift; sourceTree = "<group>"; };
		8587DC8C2316C36700C56F0E /* HumanViewController.swift */ = {isa = PBXFileReference; lastKnownFileType = sourcecode.swift; path = HumanViewController.swift; sourceTree = "<group>"; };
/* End PBXFileReference section */

/* Begin PBXFrameworksBuildPhase section */
		8587DC452315A93800C56F0E /* Frameworks */ = {
			isa = PBXFrameworksBuildPhase;
			buildActionMask = 2147483647;
			files = (
			);
			runOnlyForDeploymentPostprocessing = 0;
		};
		8587DC592315A93A00C56F0E /* Frameworks */ = {
			isa = PBXFrameworksBuildPhase;
			buildActionMask = 2147483647;
			files = (
			);
			runOnlyForDeploymentPostprocessing = 0;
		};
		8587DC642315A93A00C56F0E /* Frameworks */ = {
			isa = PBXFrameworksBuildPhase;
			buildActionMask = 2147483647;
			files = (
			);
			runOnlyForDeploymentPostprocessing = 0;
		};
/* End PBXFrameworksBuildPhase section */

/* Begin PBXGroup section */
		8587DC3F2315A93800C56F0E = {
			isa = PBXGroup;
			children = (
				8587DC4A2315A93800C56F0E /* ParsingJson_lab */,
				8587DC5F2315A93A00C56F0E /* ParsingJson_labTests */,
				8587DC6A2315A93A00C56F0E /* ParsingJson_labUITests */,
				8587DC492315A93800C56F0E /* Products */,
			);
			sourceTree = "<group>";
		};
		8587DC492315A93800C56F0E /* Products */ = {
			isa = PBXGroup;
			children = (
				8587DC482315A93800C56F0E /* ParsingJson_lab.app */,
				8587DC5C2315A93A00C56F0E /* ParsingJson_labTests.xctest */,
				8587DC672315A93A00C56F0E /* ParsingJson_labUITests.xctest */,
			);
			name = Products;
			sourceTree = "<group>";
		};
		8587DC4A2315A93800C56F0E /* ParsingJson_lab */ = {
			isa = PBXGroup;
			children = (
				8587DC792315A94900C56F0E /* Supporting Files */,
				8587DC802315B9C100C56F0E /* Model */,
				8587DC872315C12200C56F0E /* Controller */,
				8587DC4F2315A93800C56F0E /* Main.storyboard */,
				8587DC522315A93A00C56F0E /* Assets.xcassets */,
				8587DC572315A93A00C56F0E /* Info.plist */,
			);
			path = ParsingJson_lab;
			sourceTree = "<group>";
		};
		8587DC5F2315A93A00C56F0E /* ParsingJson_labTests */ = {
			isa = PBXGroup;
			children = (
				8587DC602315A93A00C56F0E /* ParsingJson_labTests.swift */,
				8587DC622315A93A00C56F0E /* Info.plist */,
			);
			path = ParsingJson_labTests;
			sourceTree = "<group>";
		};
		8587DC6A2315A93A00C56F0E /* ParsingJson_labUITests */ = {
			isa = PBXGroup;
			children = (
				8587DC6B2315A93A00C56F0E /* ParsingJson_labUITests.swift */,
				8587DC6D2315A93A00C56F0E /* Info.plist */,
			);
			path = ParsingJson_labUITests;
			sourceTree = "<group>";
		};
		8587DC792315A94900C56F0E /* Supporting Files */ = {
			isa = PBXGroup;
			children = (
				8587DC4B2315A93800C56F0E /* AppDelegate.swift */,
				8587DC542315A93A00C56F0E /* LaunchScreen.storyboard */,
			);
			path = "Supporting Files";
			sourceTree = "<group>";
		};
		8587DC802315B9C100C56F0E /* Model */ = {
			isa = PBXGroup;
			children = (
				8587DC812315BA1A00C56F0E /* modelJSON.swift */,
				8587DC7C2315B6C400C56F0E /* cityWeather.json */,
				8587DC7A2315B67900C56F0E /* color.json */,
				8587DC7E2315B9B200C56F0E /* people.json */,
			);
			path = Model;
			sourceTree = "<group>";
		};
		8587DC872315C12200C56F0E /* Controller */ = {
			isa = PBXGroup;
			children = (
				8587DC4D2315A93800C56F0E /* WeatherViewController.swift */,
				8587DC882316C35200C56F0E /* ForcastViewController.swift */,
				8587DC832315C10C00C56F0E /* ColorViewController.swift */,
				8587DC8A2316C35E00C56F0E /* SchemeViewController.swift */,
				8587DC852315C11A00C56F0E /* PeopleViewController.swift */,
				8587DC8C2316C36700C56F0E /* HumanViewController.swift */,
			);
			path = Controller;
			sourceTree = "<group>";
		};
/* End PBXGroup section */

/* Begin PBXNativeTarget section */
		8587DC472315A93800C56F0E /* ParsingJson_lab */ = {
			isa = PBXNativeTarget;
			buildConfigurationList = 8587DC702315A93A00C56F0E /* Build configuration list for PBXNativeTarget "ParsingJson_lab" */;
			buildPhases = (
				8587DC442315A93800C56F0E /* Sources */,
				8587DC452315A93800C56F0E /* Frameworks */,
				8587DC462315A93800C56F0E /* Resources */,
			);
			buildRules = (
			);
			dependencies = (
			);
			name = ParsingJson_lab;
			productName = ParsingJson_lab;
			productReference = 8587DC482315A93800C56F0E /* ParsingJson_lab.app */;
			productType = "com.apple.product-type.application";
		};
		8587DC5B2315A93A00C56F0E /* ParsingJson_labTests */ = {
			isa = PBXNativeTarget;
			buildConfigurationList = 8587DC732315A93A00C56F0E /* Build configuration list for PBXNativeTarget "ParsingJson_labTests" */;
			buildPhases = (
				8587DC582315A93A00C56F0E /* Sources */,
				8587DC592315A93A00C56F0E /* Frameworks */,
				8587DC5A2315A93A00C56F0E /* Resources */,
			);
			buildRules = (
			);
			dependencies = (
				8587DC5E2315A93A00C56F0E /* PBXTargetDependency */,
			);
			name = ParsingJson_labTests;
			productName = ParsingJson_labTests;
			productReference = 8587DC5C2315A93A00C56F0E /* ParsingJson_labTests.xctest */;
			productType = "com.apple.product-type.bundle.unit-test";
		};
		8587DC662315A93A00C56F0E /* ParsingJson_labUITests */ = {
			isa = PBXNativeTarget;
			buildConfigurationList = 8587DC762315A93A00C56F0E /* Build configuration list for PBXNativeTarget "ParsingJson_labUITests" */;
			buildPhases = (
				8587DC632315A93A00C56F0E /* Sources */,
				8587DC642315A93A00C56F0E /* Frameworks */,
				8587DC652315A93A00C56F0E /* Resources */,
			);
			buildRules = (
			);
			dependencies = (
				8587DC692315A93A00C56F0E /* PBXTargetDependency */,
			);
			name = ParsingJson_labUITests;
			productName = ParsingJson_labUITests;
			productReference = 8587DC672315A93A00C56F0E /* ParsingJson_labUITests.xctest */;
			productType = "com.apple.product-type.bundle.ui-testing";
		};
/* End PBXNativeTarget section */

/* Begin PBXProject section */
		8587DC402315A93800C56F0E /* Project object */ = {
			isa = PBXProject;
			attributes = {
				LastSwiftUpdateCheck = 1030;
				LastUpgradeCheck = 1030;
				ORGANIZATIONNAME = EricM;
				TargetAttributes = {
					8587DC472315A93800C56F0E = {
						CreatedOnToolsVersion = 10.3;
					};
					8587DC5B2315A93A00C56F0E = {
						CreatedOnToolsVersion = 10.3;
						TestTargetID = 8587DC472315A93800C56F0E;
					};
					8587DC662315A93A00C56F0E = {
						CreatedOnToolsVersion = 10.3;
						TestTargetID = 8587DC472315A93800C56F0E;
					};
				};
			};
			buildConfigurationList = 8587DC432315A93800C56F0E /* Build configuration list for PBXProject "ParsingJson_lab" */;
			compatibilityVersion = "Xcode 9.3";
			developmentRegion = en;
			hasScannedForEncodings = 0;
			knownRegions = (
				en,
				Base,
			);
			mainGroup = 8587DC3F2315A93800C56F0E;
			productRefGroup = 8587DC492315A93800C56F0E /* Products */;
			projectDirPath = "";
			projectRoot = "";
			targets = (
				8587DC472315A93800C56F0E /* ParsingJson_lab */,
				8587DC5B2315A93A00C56F0E /* ParsingJson_labTests */,
				8587DC662315A93A00C56F0E /* ParsingJson_labUITests */,
			);
		};
/* End PBXProject section */

/* Begin PBXResourcesBuildPhase section */
		8587DC462315A93800C56F0E /* Resources */ = {
			isa = PBXResourcesBuildPhase;
			buildActionMask = 2147483647;
			files = (
				8587DC562315A93A00C56F0E /* LaunchScreen.storyboard in Resources */,
				8587DC7D2315B6C400C56F0E /* cityWeather.json in Resources */,
				8587DC7F2315B9B200C56F0E /* people.json in Resources */,
				8587DC7B2315B67900C56F0E /* color.json in Resources */,
				8587DC532315A93A00C56F0E /* Assets.xcassets in Resources */,
				8587DC512315A93800C56F0E /* Main.storyboard in Resources */,
			);
			runOnlyForDeploymentPostprocessing = 0;
		};
		8587DC5A2315A93A00C56F0E /* Resources */ = {
			isa = PBXResourcesBuildPhase;
			buildActionMask = 2147483647;
			files = (
			);
			runOnlyForDeploymentPostprocessing = 0;
		};
		8587DC652315A93A00C56F0E /* Resources */ = {
			isa = PBXResourcesBuildPhase;
			buildActionMask = 2147483647;
			files = (
			);
			runOnlyForDeploymentPostprocessing = 0;
		};
/* End PBXResourcesBuildPhase section */

/* Begin PBXSourcesBuildPhase section */
		8587DC442315A93800C56F0E /* Sources */ = {
			isa = PBXSourcesBuildPhase;
			buildActionMask = 2147483647;
			files = (
				8587DC862315C11A00C56F0E /* PeopleViewController.swift in Sources */,
				8587DC4E2315A93800C56F0E /* WeatherViewController.swift in Sources */,
				8587DC4C2315A93800C56F0E /* AppDelegate.swift in Sources */,
				8587DC842315C10C00C56F0E /* ColorViewController.swift in Sources */,
				8587DC8D2316C36700C56F0E /* HumanViewController.swift in Sources */,
				8587DC8B2316C35E00C56F0E /* SchemeViewController.swift in Sources */,
				8587DC822315BA1A00C56F0E /* modelJSON.swift in Sources */,
				8587DC892316C35200C56F0E /* ForcastViewController.swift in Sources */,
			);
			runOnlyForDeploymentPostprocessing = 0;
		};
		8587DC582315A93A00C56F0E /* Sources */ = {
			isa = PBXSourcesBuildPhase;
			buildActionMask = 2147483647;
			files = (
				8587DC612315A93A00C56F0E /* ParsingJson_labTests.swift in Sources */,
			);
			runOnlyForDeploymentPostprocessing = 0;
		};
		8587DC632315A93A00C56F0E /* Sources */ = {
			isa = PBXSourcesBuildPhase;
			buildActionMask = 2147483647;
			files = (
				8587DC6C2315A93A00C56F0E /* ParsingJson_labUITests.swift in Sources */,
			);
			runOnlyForDeploymentPostprocessing = 0;
		};
/* End PBXSourcesBuildPhase section */

/* Begin PBXTargetDependency section */
		8587DC5E2315A93A00C56F0E /* PBXTargetDependency */ = {
			isa = PBXTargetDependency;
			target = 8587DC472315A93800C56F0E /* ParsingJson_lab */;
			targetProxy = 8587DC5D2315A93A00C56F0E /* PBXContainerItemProxy */;
		};
		8587DC692315A93A00C56F0E /* PBXTargetDependency */ = {
			isa = PBXTargetDependency;
			target = 8587DC472315A93800C56F0E /* ParsingJson_lab */;
			targetProxy = 8587DC682315A93A00C56F0E /* PBXContainerItemProxy */;
		};
/* End PBXTargetDependency section */

/* Begin PBXVariantGroup section */
		8587DC4F2315A93800C56F0E /* Main.storyboard */ = {
			isa = PBXVariantGroup;
			children = (
				8587DC502315A93800C56F0E /* Base */,
			);
			name = Main.storyboard;
			sourceTree = "<group>";
		};
		8587DC542315A93A00C56F0E /* LaunchScreen.storyboard */ = {
			isa = PBXVariantGroup;
			children = (
				8587DC552315A93A00C56F0E /* Base */,
			);
			name = LaunchScreen.storyboard;
			sourceTree = "<group>";
		};
/* End PBXVariantGroup section */

/* Begin XCBuildConfiguration section */
		8587DC6E2315A93A00C56F0E /* Debug */ = {
			isa = XCBuildConfiguration;
			buildSettings = {
				ALWAYS_SEARCH_USER_PATHS = NO;
				CLANG_ANALYZER_NONNULL = YES;
				CLANG_ANALYZER_NUMBER_OBJECT_CONVERSION = YES_AGGRESSIVE;
				CLANG_CXX_LANGUAGE_STANDARD = "gnu++14";
				CLANG_CXX_LIBRARY = "libc++";
				CLANG_ENABLE_MODULES = YES;
				CLANG_ENABLE_OBJC_ARC = YES;
				CLANG_ENABLE_OBJC_WEAK = YES;
				CLANG_WARN_BLOCK_CAPTURE_AUTORELEASING = YES;
				CLANG_WARN_BOOL_CONVERSION = YES;
				CLANG_WARN_COMMA = YES;
				CLANG_WARN_CONSTANT_CONVERSION = YES;
				CLANG_WARN_DEPRECATED_OBJC_IMPLEMENTATIONS = YES;
				CLANG_WARN_DIRECT_OBJC_ISA_USAGE = YES_ERROR;
				CLANG_WARN_DOCUMENTATION_COMMENTS = YES;
				CLANG_WARN_EMPTY_BODY = YES;
				CLANG_WARN_ENUM_CONVERSION = YES;
				CLANG_WARN_INFINITE_RECURSION = YES;
				CLANG_WARN_INT_CONVERSION = YES;
				CLANG_WARN_NON_LITERAL_NULL_CONVERSION = YES;
				CLANG_WARN_OBJC_IMPLICIT_RETAIN_SELF = YES;
				CLANG_WARN_OBJC_LITERAL_CONVERSION = YES;
				CLANG_WARN_OBJC_ROOT_CLASS = YES_ERROR;
				CLANG_WARN_RANGE_LOOP_ANALYSIS = YES;
				CLANG_WARN_STRICT_PROTOTYPES = YES;
				CLANG_WARN_SUSPICIOUS_MOVE = YES;
				CLANG_WARN_UNGUARDED_AVAILABILITY = YES_AGGRESSIVE;
				CLANG_WARN_UNREACHABLE_CODE = YES;
				CLANG_WARN__DUPLICATE_METHOD_MATCH = YES;
				CODE_SIGN_IDENTITY = "iPhone Developer";
				COPY_PHASE_STRIP = NO;
				DEBUG_INFORMATION_FORMAT = dwarf;
				ENABLE_STRICT_OBJC_MSGSEND = YES;
				ENABLE_TESTABILITY = YES;
				GCC_C_LANGUAGE_STANDARD = gnu11;
				GCC_DYNAMIC_NO_PIC = NO;
				GCC_NO_COMMON_BLOCKS = YES;
				GCC_OPTIMIZATION_LEVEL = 0;
				GCC_PREPROCESSOR_DEFINITIONS = (
					"DEBUG=1",
					"$(inherited)",
				);
				GCC_WARN_64_TO_32_BIT_CONVERSION = YES;
				GCC_WARN_ABOUT_RETURN_TYPE = YES_ERROR;
				GCC_WARN_UNDECLARED_SELECTOR = YES;
				GCC_WARN_UNINITIALIZED_AUTOS = YES_AGGRESSIVE;
				GCC_WARN_UNUSED_FUNCTION = YES;
				GCC_WARN_UNUSED_VARIABLE = YES;
				IPHONEOS_DEPLOYMENT_TARGET = 12.4;
				MTL_ENABLE_DEBUG_INFO = INCLUDE_SOURCE;
				MTL_FAST_MATH = YES;
				ONLY_ACTIVE_ARCH = YES;
				SDKROOT = iphoneos;
				SWIFT_ACTIVE_COMPILATION_CONDITIONS = DEBUG;
				SWIFT_OPTIMIZATION_LEVEL = "-Onone";
			};
			name = Debug;
		};
		8587DC6F2315A93A00C56F0E /* Release */ = {
			isa = XCBuildConfiguration;
			buildSettings = {
				ALWAYS_SEARCH_USER_PATHS = NO;
				CLANG_ANALYZER_NONNULL = YES;
				CLANG_ANALYZER_NUMBER_OBJECT_CONVERSION = YES_AGGRESSIVE;
				CLANG_CXX_LANGUAGE_STANDARD = "gnu++14";
				CLANG_CXX_LIBRARY = "libc++";
				CLANG_ENABLE_MODULES = YES;
				CLANG_ENABLE_OBJC_ARC = YES;
				CLANG_ENABLE_OBJC_WEAK = YES;
				CLANG_WARN_BLOCK_CAPTURE_AUTORELEASING = YES;
				CLANG_WARN_BOOL_CONVERSION = YES;
				CLANG_WARN_COMMA = YES;
				CLANG_WARN_CONSTANT_CONVERSION = YES;
				CLANG_WARN_DEPRECATED_OBJC_IMPLEMENTATIONS = YES;
				CLANG_WARN_DIRECT_OBJC_ISA_USAGE = YES_ERROR;
				CLANG_WARN_DOCUMENTATION_COMMENTS = YES;
				CLANG_WARN_EMPTY_BODY = YES;
				CLANG_WARN_ENUM_CONVERSION = YES;
				CLANG_WARN_INFINITE_RECURSION = YES;
				CLANG_WARN_INT_CONVERSION = YES;
				CLANG_WARN_NON_LITERAL_NULL_CONVERSION = YES;
				CLANG_WARN_OBJC_IMPLICIT_RETAIN_SELF = YES;
				CLANG_WARN_OBJC_LITERAL_CONVERSION = YES;
				CLANG_WARN_OBJC_ROOT_CLASS = YES_ERROR;
				CLANG_WARN_RANGE_LOOP_ANALYSIS = YES;
				CLANG_WARN_STRICT_PROTOTYPES = YES;
				CLANG_WARN_SUSPICIOUS_MOVE = YES;
				CLANG_WARN_UNGUARDED_AVAILABILITY = YES_AGGRESSIVE;
				CLANG_WARN_UNREACHABLE_CODE = YES;
				CLANG_WARN__DUPLICATE_METHOD_MATCH = YES;
				CODE_SIGN_IDENTITY = "iPhone Developer";
				COPY_PHASE_STRIP = NO;
				DEBUG_INFORMATION_FORMAT = "dwarf-with-dsym";
				ENABLE_NS_ASSERTIONS = NO;
				ENABLE_STRICT_OBJC_MSGSEND = YES;
				GCC_C_LANGUAGE_STANDARD = gnu11;
				GCC_NO_COMMON_BLOCKS = YES;
				GCC_WARN_64_TO_32_BIT_CONVERSION = YES;
				GCC_WARN_ABOUT_RETURN_TYPE = YES_ERROR;
				GCC_WARN_UNDECLARED_SELECTOR = YES;
				GCC_WARN_UNINITIALIZED_AUTOS = YES_AGGRESSIVE;
				GCC_WARN_UNUSED_FUNCTION = YES;
				GCC_WARN_UNUSED_VARIABLE = YES;
				IPHONEOS_DEPLOYMENT_TARGET = 12.4;
				MTL_ENABLE_DEBUG_INFO = NO;
				MTL_FAST_MATH = YES;
				SDKROOT = iphoneos;
				SWIFT_COMPILATION_MODE = wholemodule;
				SWIFT_OPTIMIZATION_LEVEL = "-O";
				VALIDATE_PRODUCT = YES;
			};
			name = Release;
		};
		8587DC712315A93A00C56F0E /* Debug */ = {
			isa = XCBuildConfiguration;
			buildSettings = {
				ASSETCATALOG_COMPILER_APPICON_NAME = AppIcon;
				CODE_SIGN_STYLE = Automatic;
				INFOPLIST_FILE = ParsingJson_lab/Info.plist;
				LD_RUNPATH_SEARCH_PATHS = (
					"$(inherited)",
					"@executable_path/Frameworks",
				);
				PRODUCT_BUNDLE_IDENTIFIER = "practice.ParsingJson-lab";
				PRODUCT_NAME = "$(TARGET_NAME)";
				SWIFT_VERSION = 5.0;
				TARGETED_DEVICE_FAMILY = "1,2";
			};
			name = Debug;
		};
		8587DC722315A93A00C56F0E /* Release */ = {
			isa = XCBuildConfiguration;
			buildSettings = {
				ASSETCATALOG_COMPILER_APPICON_NAME = AppIcon;
				CODE_SIGN_STYLE = Automatic;
				INFOPLIST_FILE = ParsingJson_lab/Info.plist;
				LD_RUNPATH_SEARCH_PATHS = (
					"$(inherited)",
					"@executable_path/Frameworks",
				);
				PRODUCT_BUNDLE_IDENTIFIER = "practice.ParsingJson-lab";
				PRODUCT_NAME = "$(TARGET_NAME)";
				SWIFT_VERSION = 5.0;
				TARGETED_DEVICE_FAMILY = "1,2";
			};
			name = Release;
		};
		8587DC742315A93A00C56F0E /* Debug */ = {
			isa = XCBuildConfiguration;
			buildSettings = {
				ALWAYS_EMBED_SWIFT_STANDARD_LIBRARIES = YES;
				BUNDLE_LOADER = "$(TEST_HOST)";
				CODE_SIGN_STYLE = Automatic;
				INFOPLIST_FILE = ParsingJson_labTests/Info.plist;
				LD_RUNPATH_SEARCH_PATHS = (
					"$(inherited)",
					"@executable_path/Frameworks",
					"@loader_path/Frameworks",
				);
				PRODUCT_BUNDLE_IDENTIFIER = "practice.ParsingJson-labTests";
				PRODUCT_NAME = "$(TARGET_NAME)";
				SWIFT_VERSION = 5.0;
				TARGETED_DEVICE_FAMILY = "1,2";
				TEST_HOST = "$(BUILT_PRODUCTS_DIR)/ParsingJson_lab.app/ParsingJson_lab";
			};
			name = Debug;
		};
		8587DC752315A93A00C56F0E /* Release */ = {
			isa = XCBuildConfiguration;
			buildSettings = {
				ALWAYS_EMBED_SWIFT_STANDARD_LIBRARIES = YES;
				BUNDLE_LOADER = "$(TEST_HOST)";
				CODE_SIGN_STYLE = Automatic;
				INFOPLIST_FILE = ParsingJson_labTests/Info.plist;
				LD_RUNPATH_SEARCH_PATHS = (
					"$(inherited)",
					"@executable_path/Frameworks",
					"@loader_path/Frameworks",
				);
				PRODUCT_BUNDLE_IDENTIFIER = "practice.ParsingJson-labTests";
				PRODUCT_NAME = "$(TARGET_NAME)";
				SWIFT_VERSION = 5.0;
				TARGETED_DEVICE_FAMILY = "1,2";
				TEST_HOST = "$(BUILT_PRODUCTS_DIR)/ParsingJson_lab.app/ParsingJson_lab";
			};
			name = Release;
		};
		8587DC772315A93A00C56F0E /* Debug */ = {
			isa = XCBuildConfiguration;
			buildSettings = {
				ALWAYS_EMBED_SWIFT_STANDARD_LIBRARIES = YES;
				CODE_SIGN_STYLE = Automatic;
				INFOPLIST_FILE = ParsingJson_labUITests/Info.plist;
				LD_RUNPATH_SEARCH_PATHS = (
					"$(inherited)",
					"@executable_path/Frameworks",
					"@loader_path/Frameworks",
				);
				PRODUCT_BUNDLE_IDENTIFIER = "practice.ParsingJson-labUITests";
				PRODUCT_NAME = "$(TARGET_NAME)";
				SWIFT_VERSION = 5.0;
				TARGETED_DEVICE_FAMILY = "1,2";
				TEST_TARGET_NAME = ParsingJson_lab;
			};
			name = Debug;
		};
		8587DC782315A93A00C56F0E /* Release */ = {
			isa = XCBuildConfiguration;
			buildSettings = {
				ALWAYS_EMBED_SWIFT_STANDARD_LIBRARIES = YES;
				CODE_SIGN_STYLE = Automatic;
				INFOPLIST_FILE = ParsingJson_labUITests/Info.plist;
				LD_RUNPATH_SEARCH_PATHS = (
					"$(inherited)",
					"@executable_path/Frameworks",
					"@loader_path/Frameworks",
				);
				PRODUCT_BUNDLE_IDENTIFIER = "practice.ParsingJson-labUITests";
				PRODUCT_NAME = "$(TARGET_NAME)";
				SWIFT_VERSION = 5.0;
				TARGETED_DEVICE_FAMILY = "1,2";
				TEST_TARGET_NAME = ParsingJson_lab;
			};
			name = Release;
		};
/* End XCBuildConfiguration section */

/* Begin XCConfigurationList section */
		8587DC432315A93800C56F0E /* Build configuration list for PBXProject "ParsingJson_lab" */ = {
			isa = XCConfigurationList;
			buildConfigurations = (
				8587DC6E2315A93A00C56F0E /* Debug */,
				8587DC6F2315A93A00C56F0E /* Release */,
			);
			defaultConfigurationIsVisible = 0;
			defaultConfigurationName = Release;
		};
		8587DC702315A93A00C56F0E /* Build configuration list for PBXNativeTarget "ParsingJson_lab" */ = {
			isa = XCConfigurationList;
			buildConfigurations = (
				8587DC712315A93A00C56F0E /* Debug */,
				8587DC722315A93A00C56F0E /* Release */,
			);
			defaultConfigurationIsVisible = 0;
			defaultConfigurationName = Release;
		};
		8587DC732315A93A00C56F0E /* Build configuration list for PBXNativeTarget "ParsingJson_labTests" */ = {
			isa = XCConfigurationList;
			buildConfigurations = (
				8587DC742315A93A00C56F0E /* Debug */,
				8587DC752315A93A00C56F0E /* Release */,
			);
			defaultConfigurationIsVisible = 0;
			defaultConfigurationName = Release;
		};
		8587DC762315A93A00C56F0E /* Build configuration list for PBXNativeTarget "ParsingJson_labUITests" */ = {
			isa = XCConfigurationList;
			buildConfigurations = (
				8587DC772315A93A00C56F0E /* Debug */,
				8587DC782315A93A00C56F0E /* Release */,
			);
			defaultConfigurationIsVisible = 0;
			defaultConfigurationName = Release;
		};
/* End XCConfigurationList section */
	};
	rootObject = 8587DC402315A93800C56F0E /* Project object */;
}
